
Microsoft Visual Studio Solution File, Format Version 11.00
# Visual Studio 2010
Project("{8BC9CEB8-8B4A-11D0-8D11-00A0C91BC942}") = "hellworld", "hellworld\hellworld.vcxproj", "{35BDE265-9CE0-4C58-BA13-5419548F66B9}"
EndProject
Project("{8BC9CEB8-8B4A-11D0-8D11-00A0C91BC942}") = "btnMsg", "btnMsg\btnMsg.vcxproj", "{A688C30E-22D0-4311-8C1E-6276ABEDF6E0}"
EndProject
Project("{8BC9CEB8-8B4A-11D0-8D11-00A0C91BC942}") = "Demo", "Demo\Demo.vcxproj", "{F836512A-C3EB-4E98-B664-E1DCFB0D8670}"
EndProject
Project("{8BC9CEB8-8B4A-11D0-8D11-00A0C91BC942}") = "EVA", "EVA\EVA.vcxproj", "{EC37447B-9714-4823-981E-0C11B4B95394}"
EndProject
Global
	GlobalSection(SolutionConfigurationPlatforms) = preSolution
		Debug|Win32 = Debug|Win32
		Release|Win32 = Release|Win32
	EndGlobalSection
	GlobalSection(ProjectConfigurationPlatforms) = postSolution
		{35BDE265-9CE0-4C58-BA13-5419548F66B9}.Debug|Win32.ActiveCfg = Debug|Win32
		{35BDE265-9CE0-4C58-BA13-5419548F66B9}.Debug|Win32.Build.0 = Debug|Win32
		{35BDE265-9CE0-4C58-BA13-5419548F66B9}.Release|Win32.ActiveCfg = Release|Win32
		{35BDE265-9CE0-4C58-BA13-5419548F66B9}.Release|Win32.Build.0 = Release|Win32
		{A688C30E-22D0-4311-8C1E-6276ABEDF6E0}.Debug|Win32.ActiveCfg = Debug|Win32
		{A688C30E-22D0-4311-8C1E-6276ABEDF6E0}.Debug|Win32.Build.0 = Debug|Win32
		{A688C30E-22D0-4311-8C1E-6276ABEDF6E0}.Release|Win32.ActiveCfg = Release|Win32
		{A688C30E-22D0-4311-8C1E-6276ABEDF6E0}.Release|Win32.Build.0 = Release|Win32
		{F836512A-C3EB-4E98-B664-E1DCFB0D8670}.Debug|Win32.ActiveCfg = Debug|Win32
		{F836512A-C3EB-4E98-B664-E1DCFB0D8670}.Debug|Win32.Build.0 = Debug|Win32
		{F836512A-C3EB-4E98-B664-E1DCFB0D8670}.Release|Win32.ActiveCfg = Release|Win32
		{F836512A-C3EB-4E98-B664-E1DCFB0D8670}.Release|Win32.Build.0 = Release|Win32
		{EC37447B-9714-4823-981E-0C11B4B95394}.Debug|Win32.ActiveCfg = Debug|Win32
		{EC37447B-9714-4823-981E-0C11B4B95394}.Debug|Win32.Build.0 = Debug|Win32
		{EC37447B-9714-4823-981E-0C11B4B95394}.Release|Win32.ActiveCfg = Release|Win32
		{EC37447B-9714-4823-981E-0C11B4B95394}.Release|Win32.Build.0 = Release|Win32
	EndGlobalSection
	GlobalSection(SolutionProperties) = preSolution
		HideSolutionNode = FALSE
	EndGlobalSection
EndGlobal
